
Microsoft Visual Studio Solution File, Format Version 12.00
# Visual Studio 15
VisualStudioVersion = 15.0.27004.2002
MinimumVisualStudioVersion = 10.0.40219.1
Project("{FAE04EC0-301F-11D3-BF4B-00C04F79EFBC}") = "Lab-1", "Lab-1\Lab-1.csproj", "{DE0C37C6-3772-4EDC-88BE-3EC011F16F41}"
EndProject
Global
	GlobalSection(SolutionConfigurationPlatforms) = preSolution
		Debug|Any CPU = Debug|Any CPU
		Release|Any CPU = Release|Any CPU
	EndGlobalSection
	GlobalSection(ProjectConfigurationPlatforms) = postSolution
		{DE0C37C6-3772-4EDC-88BE-3EC011F16F41}.Debug|Any CPU.ActiveCfg = Debug|Any CPU
		{DE0C37C6-3772-4EDC-88BE-3EC011F16F41}.Debug|Any CPU.Build.0 = Debug|Any CPU
		{DE0C37C6-3772-4EDC-88BE-3EC011F16F41}.Release|Any CPU.ActiveCfg = Release|Any CPU
		{DE0C37C6-3772-4EDC-88BE-3EC011F16F41}.Release|Any CPU.Build.0 = Release|Any CPU
	EndGlobalSection
	GlobalSection(SolutionProperties) = preSolution
		HideSolutionNode = FALSE
	EndGlobalSection
	GlobalSection(ExtensibilityGlobals) = postSolution
		SolutionGuid = {3173ADCD-4634-49D4-B4F5-C8122044384D}
	EndGlobalSection
EndGlobal
